// !$*UTF8*$!
{
	archiveVersion = 1;
	classes = {
	};
	objectVersion = 56;
	objects = {

/* Begin PBXBuildFile section */
		584AEA882C41E5BD00213D0C /* GameNightOrganizerApp.swift in Sources */ = {isa = PBXBuildFile; fileRef = 584AEA872C41E5BD00213D0C /* GameNightOrganizerApp.swift */; };
		584AEA8A2C41E5BD00213D0C /* ContentView.swift in Sources */ = {isa = PBXBuildFile; fileRef = 584AEA892C41E5BD00213D0C /* ContentView.swift */; };
		584AEA8C2C41E5BE00213D0C /* Assets.xcassets in Resources */ = {isa = PBXBuildFile; fileRef = 584AEA8B2C41E5BE00213D0C /* Assets.xcassets */; };
		584AEA8F2C41E5BE00213D0C /* Preview Assets.xcassets in Resources */ = {isa = PBXBuildFile; fileRef = 584AEA8E2C41E5BE00213D0C /* Preview Assets.xcassets */; };
		584AEA962C41E66E00213D0C /* GameNightEvent.swift in Sources */ = {isa = PBXBuildFile; fileRef = 584AEA952C41E66E00213D0C /* GameNightEvent.swift */; };
		584AEA982C41E73000213D0C /* EventDetailView.swift in Sources */ = {isa = PBXBuildFile; fileRef = 584AEA972C41E73000213D0C /* EventDetailView.swift */; };
		584AEA9A2C41E76900213D0C /* AddEventView.swift in Sources */ = {isa = PBXBuildFile; fileRef = 584AEA992C41E76900213D0C /* AddEventView.swift */; };
		586EBCF32C4225A300C1E6BD /* User.swift in Sources */ = {isa = PBXBuildFile; fileRef = 586EBCF22C4225A300C1E6BD /* User.swift */; };
		586EBCF52C42260D00C1E6BD /* Game.swift in Sources */ = {isa = PBXBuildFile; fileRef = 586EBCF42C42260D00C1E6BD /* Game.swift */; };
		586EBCF72C42266900C1E6BD /* Food.swift in Sources */ = {isa = PBXBuildFile; fileRef = 586EBCF62C42266900C1E6BD /* Food.swift */; };
		586EBCF92C422AA600C1E6BD /* MultipleSelectionRow.swift in Sources */ = {isa = PBXBuildFile; fileRef = 586EBCF82C422AA600C1E6BD /* MultipleSelectionRow.swift */; };
		586EBCFC2C42326800C1E6BD /* AddGameView.swift in Sources */ = {isa = PBXBuildFile; fileRef = 586EBCFB2C42326800C1E6BD /* AddGameView.swift */; };
/* End PBXBuildFile section */

/* Begin PBXFileReference section */
		584AEA842C41E5BD00213D0C /* GameNightOrganizer.app */ = {isa = PBXFileReference; explicitFileType = wrapper.application; includeInIndex = 0; path = GameNightOrganizer.app; sourceTree = BUILT_PRODUCTS_DIR; };
		584AEA872C41E5BD00213D0C /* GameNightOrganizerApp.swift */ = {isa = PBXFileReference; lastKnownFileType = sourcecode.swift; path = GameNightOrganizerApp.swift; sourceTree = "<group>"; };
		584AEA892C41E5BD00213D0C /* ContentView.swift */ = {isa = PBXFileReference; lastKnownFileType = sourcecode.swift; path = ContentView.swift; sourceTree = "<group>"; };
		584AEA8B2C41E5BE00213D0C /* Assets.xcassets */ = {isa = PBXFileReference; lastKnownFileType = folder.assetcatalog; path = Assets.xcassets; sourceTree = "<group>"; };
		584AEA8E2C41E5BE00213D0C /* Preview Assets.xcassets */ = {isa = PBXFileReference; lastKnownFileType = folder.assetcatalog; path = "Preview Assets.xcassets"; sourceTree = "<group>"; };
		584AEA952C41E66E00213D0C /* GameNightEvent.swift */ = {isa = PBXFileReference; lastKnownFileType = sourcecode.swift; path = GameNightEvent.swift; sourceTree = "<group>"; };
		584AEA972C41E73000213D0C /* EventDetailView.swift */ = {isa = PBXFileReference; lastKnownFileType = sourcecode.swift; path = EventDetailView.swift; sourceTree = "<group>"; };
		584AEA992C41E76900213D0C /* AddEventView.swift */ = {isa = PBXFileReference; lastKnownFileType = sourcecode.swift; path = AddEventView.swift; sourceTree = "<group>"; };
		586EBCF22C4225A300C1E6BD /* User.swift */ = {isa = PBXFileReference; lastKnownFileType = sourcecode.swift; path = User.swift; sourceTree = "<group>"; };
		586EBCF42C42260D00C1E6BD /* Game.swift */ = {isa = PBXFileReference; lastKnownFileType = sourcecode.swift; path = Game.swift; sourceTree = "<group>"; };
		586EBCF62C42266900C1E6BD /* Food.swift */ = {isa = PBXFileReference; lastKnownFileType = sourcecode.swift; path = Food.swift; sourceTree = "<group>"; };
		586EBCF82C422AA600C1E6BD /* MultipleSelectionRow.swift */ = {isa = PBXFileReference; lastKnownFileType = sourcecode.swift; path = MultipleSelectionRow.swift; sourceTree = "<group>"; };
		586EBCFB2C42326800C1E6BD /* AddGameView.swift */ = {isa = PBXFileReference; lastKnownFileType = sourcecode.swift; path = AddGameView.swift; sourceTree = "<group>"; };
/* End PBXFileReference section */

/* Begin PBXFrameworksBuildPhase section */
		584AEA812C41E5BD00213D0C /* Frameworks */ = {
			isa = PBXFrameworksBuildPhase;
			buildActionMask = 2147483647;
			files = (
			);
			runOnlyForDeploymentPostprocessing = 0;
		};
/* End PBXFrameworksBuildPhase section */

/* Begin PBXGroup section */
		584AEA7B2C41E5BD00213D0C = {
			isa = PBXGroup;
			children = (
				584AEA862C41E5BD00213D0C /* GameNightOrganizer */,
				584AEA852C41E5BD00213D0C /* Products */,
			);
			sourceTree = "<group>";
		};
		584AEA852C41E5BD00213D0C /* Products */ = {
			isa = PBXGroup;
			children = (
				584AEA842C41E5BD00213D0C /* GameNightOrganizer.app */,
			);
			name = Products;
			sourceTree = "<group>";
		};
		584AEA862C41E5BD00213D0C /* GameNightOrganizer */ = {
			isa = PBXGroup;
			children = (
				584AEA9D2C41E78700213D0C /* App */,
				584AEA9B2C41E77200213D0C /* Views */,
				584AEA9C2C41E77C00213D0C /* Models */,
				586EBCFA2C422AAF00C1E6BD /* Helpers */,
				584AEA8B2C41E5BE00213D0C /* Assets.xcassets */,
				584AEA8D2C41E5BE00213D0C /* Preview Content */,
			);
			path = GameNightOrganizer;
			sourceTree = "<group>";
		};
		584AEA8D2C41E5BE00213D0C /* Preview Content */ = {
			isa = PBXGroup;
			children = (
				584AEA8E2C41E5BE00213D0C /* Preview Assets.xcassets */,
			);
			path = "Preview Content";
			sourceTree = "<group>";
		};
		584AEA9B2C41E77200213D0C /* Views */ = {
			isa = PBXGroup;
			children = (
				584AEA892C41E5BD00213D0C /* ContentView.swift */,
				584AEA972C41E73000213D0C /* EventDetailView.swift */,
				584AEA992C41E76900213D0C /* AddEventView.swift */,
				586EBCFB2C42326800C1E6BD /* AddGameView.swift */,
			);
			path = Views;
			sourceTree = "<group>";
		};
		584AEA9C2C41E77C00213D0C /* Models */ = {
			isa = PBXGroup;
			children = (
				584AEA952C41E66E00213D0C /* GameNightEvent.swift */,
				586EBCF22C4225A300C1E6BD /* User.swift */,
				586EBCF42C42260D00C1E6BD /* Game.swift */,
				586EBCF62C42266900C1E6BD /* Food.swift */,
			);
			path = Models;
			sourceTree = "<group>";
		};
		584AEA9D2C41E78700213D0C /* App */ = {
			isa = PBXGroup;
			children = (
				584AEA872C41E5BD00213D0C /* GameNightOrganizerApp.swift */,
			);
			path = App;
			sourceTree = "<group>";
		};
		586EBCFA2C422AAF00C1E6BD /* Helpers */ = {
			isa = PBXGroup;
			children = (
				586EBCF82C422AA600C1E6BD /* MultipleSelectionRow.swift */,
			);
			path = Helpers;
			sourceTree = "<group>";
		};
/* End PBXGroup section */

/* Begin PBXNativeTarget section */
		584AEA832C41E5BD00213D0C /* GameNightOrganizer */ = {
			isa = PBXNativeTarget;
			buildConfigurationList = 584AEA922C41E5BE00213D0C /* Build configuration list for PBXNativeTarget "GameNightOrganizer" */;
			buildPhases = (
				584AEA802C41E5BD00213D0C /* Sources */,
				584AEA812C41E5BD00213D0C /* Frameworks */,
				584AEA822C41E5BD00213D0C /* Resources */,
			);
			buildRules = (
			);
			dependencies = (
			);
			name = GameNightOrganizer;
			productName = GameNightOrganizer;
			productReference = 584AEA842C41E5BD00213D0C /* GameNightOrganizer.app */;
			productType = "com.apple.product-type.application";
		};
/* End PBXNativeTarget section */

/* Begin PBXProject section */
		584AEA7C2C41E5BD00213D0C /* Project object */ = {
			isa = PBXProject;
			attributes = {
				BuildIndependentTargetsInParallel = 1;
				LastSwiftUpdateCheck = 1540;
				LastUpgradeCheck = 1540;
				TargetAttributes = {
					584AEA832C41E5BD00213D0C = {
						CreatedOnToolsVersion = 15.4;
					};
				};
			};
			buildConfigurationList = 584AEA7F2C41E5BD00213D0C /* Build configuration list for PBXProject "GameNightOrganizer" */;
			compatibilityVersion = "Xcode 14.0";
			developmentRegion = en;
			hasScannedForEncodings = 0;
			knownRegions = (
				en,
				Base,
			);
			mainGroup = 584AEA7B2C41E5BD00213D0C;
			productRefGroup = 584AEA852C41E5BD00213D0C /* Products */;
			projectDirPath = "";
			projectRoot = "";
			targets = (
				584AEA832C41E5BD00213D0C /* GameNightOrganizer */,
			);
		};
/* End PBXProject section */

/* Begin PBXResourcesBuildPhase section */
		584AEA822C41E5BD00213D0C /* Resources */ = {
			isa = PBXResourcesBuildPhase;
			buildActionMask = 2147483647;
			files = (
				584AEA8F2C41E5BE00213D0C /* Preview Assets.xcassets in Resources */,
				584AEA8C2C41E5BE00213D0C /* Assets.xcassets in Resources */,
			);
			runOnlyForDeploymentPostprocessing = 0;
		};
/* End PBXResourcesBuildPhase section */

/* Begin PBXSourcesBuildPhase section */
		584AEA802C41E5BD00213D0C /* Sources */ = {
			isa = PBXSourcesBuildPhase;
			buildActionMask = 2147483647;
			files = (
				584AEA9A2C41E76900213D0C /* AddEventView.swift in Sources */,
				586EBCF92C422AA600C1E6BD /* MultipleSelectionRow.swift in Sources */,
				586EBCFC2C42326800C1E6BD /* AddGameView.swift in Sources */,
				584AEA982C41E73000213D0C /* EventDetailView.swift in Sources */,
				586EBCF52C42260D00C1E6BD /* Game.swift in Sources */,
				586EBCF32C4225A300C1E6BD /* User.swift in Sources */,
				584AEA962C41E66E00213D0C /* GameNightEvent.swift in Sources */,
				586EBCF72C42266900C1E6BD /* Food.swift in Sources */,
				584AEA8A2C41E5BD00213D0C /* ContentView.swift in Sources */,
				584AEA882C41E5BD00213D0C /* GameNightOrganizerApp.swift in Sources */,
			);
			runOnlyForDeploymentPostprocessing = 0;
		};
/* End PBXSourcesBuildPhase section */

/* Begin XCBuildConfiguration section */
		584AEA902C41E5BE00213D0C /* Debug */ = {
			isa = XCBuildConfiguration;
			buildSettings = {
				ALWAYS_SEARCH_USER_PATHS = NO;
				ASSETCATALOG_COMPILER_GENERATE_SWIFT_ASSET_SYMBOL_EXTENSIONS = YES;
				CLANG_ANALYZER_NONNULL = YES;
				CLANG_ANALYZER_NUMBER_OBJECT_CONVERSION = YES_AGGRESSIVE;
				CLANG_CXX_LANGUAGE_STANDARD = "gnu++20";
				CLANG_ENABLE_MODULES = YES;
				CLANG_ENABLE_OBJC_ARC = YES;
				CLANG_ENABLE_OBJC_WEAK = YES;
				CLANG_WARN_BLOCK_CAPTURE_AUTORELEASING = YES;
				CLANG_WARN_BOOL_CONVERSION = YES;
				CLANG_WARN_COMMA = YES;
				CLANG_WARN_CONSTANT_CONVERSION = YES;
				CLANG_WARN_DEPRECATED_OBJC_IMPLEMENTATIONS = YES;
				CLANG_WARN_DIRECT_OBJC_ISA_USAGE = YES_ERROR;
				CLANG_WARN_DOCUMENTATION_COMMENTS = YES;
				CLANG_WARN_EMPTY_BODY = YES;
				CLANG_WARN_ENUM_CONVERSION = YES;
				CLANG_WARN_INFINITE_RECURSION = YES;
				CLANG_WARN_INT_CONVERSION = YES;
				CLANG_WARN_NON_LITERAL_NULL_CONVERSION = YES;
				CLANG_WARN_OBJC_IMPLICIT_RETAIN_SELF = YES;
				CLANG_WARN_OBJC_LITERAL_CONVERSION = YES;
				CLANG_WARN_OBJC_ROOT_CLASS = YES_ERROR;
				CLANG_WARN_QUOTED_INCLUDE_IN_FRAMEWORK_HEADER = YES;
				CLANG_WARN_RANGE_LOOP_ANALYSIS = YES;
				CLANG_WARN_STRICT_PROTOTYPES = YES;
				CLANG_WARN_SUSPICIOUS_MOVE = YES;
				CLANG_WARN_UNGUARDED_AVAILABILITY = YES_AGGRESSIVE;
				CLANG_WARN_UNREACHABLE_CODE = YES;
				CLANG_WARN__DUPLICATE_METHOD_MATCH = YES;
				COPY_PHASE_STRIP = NO;
				DEBUG_INFORMATION_FORMAT = dwarf;
				ENABLE_STRICT_OBJC_MSGSEND = YES;
				ENABLE_TESTABILITY = YES;
				ENABLE_USER_SCRIPT_SANDBOXING = YES;
				GCC_C_LANGUAGE_STANDARD = gnu17;
				GCC_DYNAMIC_NO_PIC = NO;
				GCC_NO_COMMON_BLOCKS = YES;
				GCC_OPTIMIZATION_LEVEL = 0;
				GCC_PREPROCESSOR_DEFINITIONS = (
					"DEBUG=1",
					"$(inherited)",
				);
				GCC_WARN_64_TO_32_BIT_CONVERSION = YES;
				GCC_WARN_ABOUT_RETURN_TYPE = YES_ERROR;
				GCC_WARN_UNDECLARED_SELECTOR = YES;
				GCC_WARN_UNINITIALIZED_AUTOS = YES_AGGRESSIVE;
				GCC_WARN_UNUSED_FUNCTION = YES;
				GCC_WARN_UNUSED_VARIABLE = YES;
				IPHONEOS_DEPLOYMENT_TARGET = 17.5;
				LOCALIZATION_PREFERS_STRING_CATALOGS = YES;
				MTL_ENABLE_DEBUG_INFO = INCLUDE_SOURCE;
				MTL_FAST_MATH = YES;
				ONLY_ACTIVE_ARCH = YES;
				SDKROOT = iphoneos;
				SWIFT_ACTIVE_COMPILATION_CONDITIONS = "DEBUG $(inherited)";
				SWIFT_OPTIMIZATION_LEVEL = "-Onone";
			};
			name = Debug;
		};
		584AEA912C41E5BE00213D0C /* Release */ = {
			isa = XCBuildConfiguration;
			buildSettings = {
				ALWAYS_SEARCH_USER_PATHS = NO;
				ASSETCATALOG_COMPILER_GENERATE_SWIFT_ASSET_SYMBOL_EXTENSIONS = YES;
				CLANG_ANALYZER_NONNULL = YES;
				CLANG_ANALYZER_NUMBER_OBJECT_CONVERSION = YES_AGGRESSIVE;
				CLANG_CXX_LANGUAGE_STANDARD = "gnu++20";
				CLANG_ENABLE_MODULES = YES;
				CLANG_ENABLE_OBJC_ARC = YES;
				CLANG_ENABLE_OBJC_WEAK = YES;
				CLANG_WARN_BLOCK_CAPTURE_AUTORELEASING = YES;
				CLANG_WARN_BOOL_CONVERSION = YES;
				CLANG_WARN_COMMA = YES;
				CLANG_WARN_CONSTANT_CONVERSION = YES;
				CLANG_WARN_DEPRECATED_OBJC_IMPLEMENTATIONS = YES;
				CLANG_WARN_DIRECT_OBJC_ISA_USAGE = YES_ERROR;
				CLANG_WARN_DOCUMENTATION_COMMENTS = YES;
				CLANG_WARN_EMPTY_BODY = YES;
				CLANG_WARN_ENUM_CONVERSION = YES;
				CLANG_WARN_INFINITE_RECURSION = YES;
				CLANG_WARN_INT_CONVERSION = YES;
				CLANG_WARN_NON_LITERAL_NULL_CONVERSION = YES;
				CLANG_WARN_OBJC_IMPLICIT_RETAIN_SELF = YES;
				CLANG_WARN_OBJC_LITERAL_CONVERSION = YES;
				CLANG_WARN_OBJC_ROOT_CLASS = YES_ERROR;
				CLANG_WARN_QUOTED_INCLUDE_IN_FRAMEWORK_HEADER = YES;
				CLANG_WARN_RANGE_LOOP_ANALYSIS = YES;
				CLANG_WARN_STRICT_PROTOTYPES = YES;
				CLANG_WARN_SUSPICIOUS_MOVE = YES;
				CLANG_WARN_UNGUARDED_AVAILABILITY = YES_AGGRESSIVE;
				CLANG_WARN_UNREACHABLE_CODE = YES;
				CLANG_WARN__DUPLICATE_METHOD_MATCH = YES;
				COPY_PHASE_STRIP = NO;
				DEBUG_INFORMATION_FORMAT = "dwarf-with-dsym";
				ENABLE_NS_ASSERTIONS = NO;
				ENABLE_STRICT_OBJC_MSGSEND = YES;
				ENABLE_USER_SCRIPT_SANDBOXING = YES;
				GCC_C_LANGUAGE_STANDARD = gnu17;
				GCC_NO_COMMON_BLOCKS = YES;
				GCC_WARN_64_TO_32_BIT_CONVERSION = YES;
				GCC_WARN_ABOUT_RETURN_TYPE = YES_ERROR;
				GCC_WARN_UNDECLARED_SELECTOR = YES;
				GCC_WARN_UNINITIALIZED_AUTOS = YES_AGGRESSIVE;
				GCC_WARN_UNUSED_FUNCTION = YES;
				GCC_WARN_UNUSED_VARIABLE = YES;
				IPHONEOS_DEPLOYMENT_TARGET = 17.5;
				LOCALIZATION_PREFERS_STRING_CATALOGS = YES;
				MTL_ENABLE_DEBUG_INFO = NO;
				MTL_FAST_MATH = YES;
				SDKROOT = iphoneos;
				SWIFT_COMPILATION_MODE = wholemodule;
				VALIDATE_PRODUCT = YES;
			};
			name = Release;
		};
		584AEA932C41E5BE00213D0C /* Debug */ = {
			isa = XCBuildConfiguration;
			buildSettings = {
				ASSETCATALOG_COMPILER_APPICON_NAME = AppIcon;
				ASSETCATALOG_COMPILER_GLOBAL_ACCENT_COLOR_NAME = AccentColor;
				CODE_SIGN_STYLE = Automatic;
				CURRENT_PROJECT_VERSION = 1;
				DEVELOPMENT_ASSET_PATHS = "\"GameNightOrganizer/Preview Content\"";
				ENABLE_PREVIEWS = YES;
				GENERATE_INFOPLIST_FILE = YES;
				INFOPLIST_KEY_UIApplicationSceneManifest_Generation = YES;
				INFOPLIST_KEY_UIApplicationSupportsIndirectInputEvents = YES;
				INFOPLIST_KEY_UILaunchScreen_Generation = YES;
				INFOPLIST_KEY_UISupportedInterfaceOrientations_iPad = "UIInterfaceOrientationPortrait UIInterfaceOrientationPortraitUpsideDown UIInterfaceOrientationLandscapeLeft UIInterfaceOrientationLandscapeRight";
				INFOPLIST_KEY_UISupportedInterfaceOrientations_iPhone = "UIInterfaceOrientationPortrait UIInterfaceOrientationLandscapeLeft UIInterfaceOrientationLandscapeRight";
				LD_RUNPATH_SEARCH_PATHS = (
					"$(inherited)",
					"@executable_path/Frameworks",
				);
				MARKETING_VERSION = 1.0;
				PRODUCT_BUNDLE_IDENTIFIER = Davenport.Eric.GameNightOrganizer;
				PRODUCT_NAME = "$(TARGET_NAME)";
				SWIFT_EMIT_LOC_STRINGS = YES;
				SWIFT_VERSION = 5.0;
				TARGETED_DEVICE_FAMILY = "1,2";
			};
			name = Debug;
		};
		584AEA942C41E5BE00213D0C /* Release */ = {
			isa = XCBuildConfiguration;
			buildSettings = {
				ASSETCATALOG_COMPILER_APPICON_NAME = AppIcon;
				ASSETCATALOG_COMPILER_GLOBAL_ACCENT_COLOR_NAME = AccentColor;
				CODE_SIGN_STYLE = Automatic;
				CURRENT_PROJECT_VERSION = 1;
				DEVELOPMENT_ASSET_PATHS = "\"GameNightOrganizer/Preview Content\"";
				ENABLE_PREVIEWS = YES;
				GENERATE_INFOPLIST_FILE = YES;
				INFOPLIST_KEY_UIApplicationSceneManifest_Generation = YES;
				INFOPLIST_KEY_UIApplicationSupportsIndirectInputEvents = YES;
				INFOPLIST_KEY_UILaunchScreen_Generation = YES;
				INFOPLIST_KEY_UISupportedInterfaceOrientations_iPad = "UIInterfaceOrientationPortrait UIInterfaceOrientationPortraitUpsideDown UIInterfaceOrientationLandscapeLeft UIInterfaceOrientationLandscapeRight";
				INFOPLIST_KEY_UISupportedInterfaceOrientations_iPhone = "UIInterfaceOrientationPortrait UIInterfaceOrientationLandscapeLeft UIInterfaceOrientationLandscapeRight";
				LD_RUNPATH_SEARCH_PATHS = (
					"$(inherited)",
					"@executable_path/Frameworks",
				);
				MARKETING_VERSION = 1.0;
				PRODUCT_BUNDLE_IDENTIFIER = Davenport.Eric.GameNightOrganizer;
				PRODUCT_NAME = "$(TARGET_NAME)";
				SWIFT_EMIT_LOC_STRINGS = YES;
				SWIFT_VERSION = 5.0;
				TARGETED_DEVICE_FAMILY = "1,2";
			};
			name = Release;
		};
/* End XCBuildConfiguration section */

/* Begin XCConfigurationList section */
		584AEA7F2C41E5BD00213D0C /* Build configuration list for PBXProject "GameNightOrganizer" */ = {
			isa = XCConfigurationList;
			buildConfigurations = (
				584AEA902C41E5BE00213D0C /* Debug */,
				584AEA912C41E5BE00213D0C /* Release */,
			);
			defaultConfigurationIsVisible = 0;
			defaultConfigurationName = Release;
		};
		584AEA922C41E5BE00213D0C /* Build configuration list for PBXNativeTarget "GameNightOrganizer" */ = {
			isa = XCConfigurationList;
			buildConfigurations = (
				584AEA932C41E5BE00213D0C /* Debug */,
				584AEA942C41E5BE00213D0C /* Release */,
			);
			defaultConfigurationIsVisible = 0;
			defaultConfigurationName = Release;
		};
/* End XCConfigurationList section */
	};
	rootObject = 584AEA7C2C41E5BD00213D0C /* Project object */;
}
